{
    "version": 3,
    "terraform_version": "0.11.11",
    "serial": 3,
    "lineage": "229c1e36-2f63-c552-e762-9536fc14dfef",
    "modules": [
        {
            "path": [
                "root"
            ],
            "outputs": {
                "app_external_ip": {
                    "sensitive": false,
                    "type": "string",
                    "value": "34.76.29.159"
                }
            },
            "resources": {
                "google_compute_instance.app": {
                    "type": "google_compute_instance",
                    "depends_on": [],
                    "primary": {
                        "id": "reddit-app",
                        "attributes": {
                            "attached_disk.#": "0",
                            "boot_disk.#": "1",
                            "boot_disk.0.auto_delete": "true",
                            "boot_disk.0.device_name": "persistent-disk-0",
                            "boot_disk.0.disk_encryption_key_raw": "",
                            "boot_disk.0.disk_encryption_key_sha256": "",
                            "boot_disk.0.initialize_params.#": "1",
                            "boot_disk.0.initialize_params.0.image": "https://www.googleapis.com/compute/v1/projects/infra-235321/global/images/reddit-base-1554038888",
                            "boot_disk.0.initialize_params.0.size": "10",
                            "boot_disk.0.initialize_params.0.type": "pd-standard",
                            "boot_disk.0.source": "https://www.googleapis.com/compute/v1/projects/infra-235321/zones/europe-west1-b/disks/reddit-app",
                            "can_ip_forward": "false",
                            "cpu_platform": "Intel Sandy Bridge",
                            "deletion_protection": "false",
                            "guest_accelerator.#": "0",
                            "hostname": "",
                            "id": "reddit-app",
                            "instance_id": "1618879485074253416",
                            "label_fingerprint": "42WmSpB8rSM=",
                            "labels.%": "0",
                            "machine_type": "g1-small",
                            "metadata.%": "1",
                            "metadata.ssh-keys": "appuser:ssh-rsa AAAAB3NzaC1yc2EAAAADAQABAAABAQDTymOUx+ymeRT3Op5dVgAMBRWo5xAN9x/QflLPFVHX3tVaJIBOTuFxcHrhw7WZJvtsRJ3K1QqAmcW9F8ogMJbhXg4IQH1zKzu0XWULqSFZ91C8b8Sq4ux1wWkynz3DyxvaDQbZSRJunj7xc25devFP58lU5qhtzBQ38UACePdv0pGXD3MXMD1HZdlOjAqTvhm0X6kW6Cak/IPB9KR/MZGkD/o96dcpY/AzHNvFJHKErWwGQ+RlP4pIO1s55FyAfxXdFdS0Ee1JvwAHKQuH9/TPD8RBXHsbdM9UY0FO3M7mCe/Grqhw4vhNBQ3XGpKKlwvmQyihotLXFZosMY1vedcf appuser\n",
                            "metadata_fingerprint": "FOrXeWD8N4o=",
                            "metadata_startup_script": "",
                            "min_cpu_platform": "",
                            "name": "reddit-app",
                            "network_interface.#": "1",
                            "network_interface.0.access_config.#": "1",
                            "network_interface.0.access_config.0.assigned_nat_ip": "",
                            "network_interface.0.access_config.0.nat_ip": "34.76.29.159",
                            "network_interface.0.access_config.0.network_tier": "PREMIUM",
                            "network_interface.0.access_config.0.public_ptr_domain_name": "",
                            "network_interface.0.address": "",
                            "network_interface.0.alias_ip_range.#": "0",
                            "network_interface.0.name": "nic0",
                            "network_interface.0.network": "https://www.googleapis.com/compute/v1/projects/infra-235321/global/networks/default",
                            "network_interface.0.network_ip": "10.132.0.13",
                            "network_interface.0.subnetwork": "https://www.googleapis.com/compute/v1/projects/infra-235321/regions/europe-west1/subnetworks/default",
                            "network_interface.0.subnetwork_project": "infra-235321",
                            "project": "infra-235321",
                            "scheduling.#": "1",
                            "scheduling.0.automatic_restart": "true",
                            "scheduling.0.on_host_maintenance": "MIGRATE",
                            "scheduling.0.preemptible": "false",
                            "scratch_disk.#": "0",
                            "self_link": "https://www.googleapis.com/compute/v1/projects/infra-235321/zones/europe-west1-b/instances/reddit-app",
                            "service_account.#": "0",
                            "tags.#": "1",
                            "tags.1799682348": "reddit-app",
                            "tags_fingerprint": "M-ggixIz-AU=",
                            "zone": "europe-west1-b"
                        },
                        "meta": {
                            "e2bfb730-ecaa-11e6-8f88-34363bc7c4c0": {
                                "create": 360000000000,
                                "delete": 360000000000,
                                "update": 360000000000
                            },
                            "schema_version": "6"
                        },
                        "tainted": false
                    },
                    "deposed": [],
                    "provider": "provider.google"
                }
            },
            "depends_on": []
        }
    ]
}
